{
    "name": "ng2-cordova-oauth",
    "version": "0.0.4",
    "lockfileVersion": 1,
    "requires": true,
    "dependencies": {
        "typescript": {
            "version": "1.8.10",
            "resolved": "https://registry.npmjs.org/typescript/-/typescript-1.8.10.tgz",
            "integrity": "sha512-amAjhGr2ZKUcd3OpqmSWbyz57bveJcwLdVp4XY31zR3Lylq0ZG8MHAX4IpoJ5AypkdkKkMRRVoqY6lKWrR9uPQ==",
            "dev": true
        }
    }
}
